
Microsoft Visual Studio Solution File, Format Version 12.00
# Visual Studio Version 17
VisualStudioVersion = 17.5.33318.248
MinimumVisualStudioVersion = 10.0.40219.1
Project("{FAE04EC0-301F-11D3-BF4B-00C04F79EFBC}") = "OpenFlows.SCADASignal.SA", "OpenFlows.SCADASignal.SA\OpenFlows.SCADASignal.SA.csproj", "{A5221D8C-3516-48EE-895D-870A103D3100}"
EndProject
Project("{FAE04EC0-301F-11D3-BF4B-00C04F79EFBC}") = "OpenFlows.SCADASignal.SA.Test", "OpenFlows.SCADASignal.SA.Test\OpenFlows.SCADASignal.SA.Test.csproj", "{FA031A10-FDEC-4107-98A5-F2736A6C949D}"
EndProject
Global
	GlobalSection(SolutionConfigurationPlatforms) = preSolution
		Debug|Any CPU = Debug|Any CPU
		Debug|x64 = Debug|x64
		Release|Any CPU = Release|Any CPU
		Release|x64 = Release|x64
	EndGlobalSection
	GlobalSection(ProjectConfigurationPlatforms) = postSolution
		{A5221D8C-3516-48EE-895D-870A103D3100}.Debug|Any CPU.ActiveCfg = Debug|Any CPU
		{A5221D8C-3516-48EE-895D-870A103D3100}.Debug|Any CPU.Build.0 = Debug|Any CPU
		{A5221D8C-3516-48EE-895D-870A103D3100}.Debug|x64.ActiveCfg = Debug|x64
		{A5221D8C-3516-48EE-895D-870A103D3100}.Debug|x64.Build.0 = Debug|x64
		{A5221D8C-3516-48EE-895D-870A103D3100}.Release|Any CPU.ActiveCfg = Release|Any CPU
		{A5221D8C-3516-48EE-895D-870A103D3100}.Release|Any CPU.Build.0 = Release|Any CPU
		{A5221D8C-3516-48EE-895D-870A103D3100}.Release|x64.ActiveCfg = Release|x64
		{A5221D8C-3516-48EE-895D-870A103D3100}.Release|x64.Build.0 = Release|x64
		{FA031A10-FDEC-4107-98A5-F2736A6C949D}.Debug|Any CPU.ActiveCfg = Debug|Any CPU
		{FA031A10-FDEC-4107-98A5-F2736A6C949D}.Debug|Any CPU.Build.0 = Debug|Any CPU
		{FA031A10-FDEC-4107-98A5-F2736A6C949D}.Debug|x64.ActiveCfg = Debug|x64
		{FA031A10-FDEC-4107-98A5-F2736A6C949D}.Debug|x64.Build.0 = Debug|x64
		{FA031A10-FDEC-4107-98A5-F2736A6C949D}.Release|Any CPU.ActiveCfg = Release|Any CPU
		{FA031A10-FDEC-4107-98A5-F2736A6C949D}.Release|Any CPU.Build.0 = Release|Any CPU
		{FA031A10-FDEC-4107-98A5-F2736A6C949D}.Release|x64.ActiveCfg = Release|x64
		{FA031A10-FDEC-4107-98A5-F2736A6C949D}.Release|x64.Build.0 = Release|x64
	EndGlobalSection
	GlobalSection(SolutionProperties) = preSolution
		HideSolutionNode = FALSE
	EndGlobalSection
	GlobalSection(ExtensibilityGlobals) = postSolution
		SolutionGuid = {08646766-5646-4C6B-9748-C8EAABA18EB2}
	EndGlobalSection
EndGlobal
